
Microsoft Visual Studio Solution File, Format Version 12.00
# Visual Studio Version 16
VisualStudioVersion = 16.0.30621.155
MinimumVisualStudioVersion = 10.0.40219.1
Project("{FAE04EC0-301F-11D3-BF4B-00C04F79EFBC}") = "essai pour github 01", "essai pour github 01\essai pour github 01.csproj", "{DE679D04-72BA-430F-BEFE-CE6D9F9B2033}"
EndProject
Global
	GlobalSection(SolutionConfigurationPlatforms) = preSolution
		Debug|Any CPU = Debug|Any CPU
		Release|Any CPU = Release|Any CPU
	EndGlobalSection
	GlobalSection(ProjectConfigurationPlatforms) = postSolution
		{DE679D04-72BA-430F-BEFE-CE6D9F9B2033}.Debug|Any CPU.ActiveCfg = Debug|Any CPU
		{DE679D04-72BA-430F-BEFE-CE6D9F9B2033}.Debug|Any CPU.Build.0 = Debug|Any CPU
		{DE679D04-72BA-430F-BEFE-CE6D9F9B2033}.Release|Any CPU.ActiveCfg = Release|Any CPU
		{DE679D04-72BA-430F-BEFE-CE6D9F9B2033}.Release|Any CPU.Build.0 = Release|Any CPU
	EndGlobalSection
	GlobalSection(SolutionProperties) = preSolution
		HideSolutionNode = FALSE
	EndGlobalSection
	GlobalSection(ExtensibilityGlobals) = postSolution
		SolutionGuid = {D77BD0E8-48F4-4C57-8342-6B142880C850}
	EndGlobalSection
EndGlobal
